// !$*UTF8*$!
{
	archiveVersion = 1;
	classes = {
	};
	objectVersion = 51;
	objects = {

/* Begin PBXBuildFile section */
		8426CD612531C9AC00F808D9 /* MenuVM.swift in Sources */ = {isa = PBXBuildFile; fileRef = 8426CD5E2531C9AC00F808D9 /* MenuVM.swift */; };
		8426CD622531C9AC00F808D9 /* CustomMenuCell.swift in Sources */ = {isa = PBXBuildFile; fileRef = 8426CD5F2531C9AC00F808D9 /* CustomMenuCell.swift */; };
		8426CD632531C9AC00F808D9 /* MenuViewController.swift in Sources */ = {isa = PBXBuildFile; fileRef = 8426CD602531C9AC00F808D9 /* MenuViewController.swift */; };
		846E10DB253171D700576038 /* AppDelegate.swift in Sources */ = {isa = PBXBuildFile; fileRef = 846E10DA253171D700576038 /* AppDelegate.swift */; };
		846E10DD253171D700576038 /* SceneDelegate.swift in Sources */ = {isa = PBXBuildFile; fileRef = 846E10DC253171D700576038 /* SceneDelegate.swift */; };
		846E10DF253171D700576038 /* ViewController.swift in Sources */ = {isa = PBXBuildFile; fileRef = 846E10DE253171D700576038 /* ViewController.swift */; };
		846E10E2253171D700576038 /* Main.storyboard in Resources */ = {isa = PBXBuildFile; fileRef = 846E10E0253171D700576038 /* Main.storyboard */; };
		846E10E4253171DC00576038 /* Assets.xcassets in Resources */ = {isa = PBXBuildFile; fileRef = 846E10E3253171DC00576038 /* Assets.xcassets */; };
		846E10E7253171DC00576038 /* LaunchScreen.storyboard in Resources */ = {isa = PBXBuildFile; fileRef = 846E10E5253171DC00576038 /* LaunchScreen.storyboard */; };
		846E10F2253171DC00576038 /* tataaigtestTests.swift in Sources */ = {isa = PBXBuildFile; fileRef = 846E10F1253171DC00576038 /* tataaigtestTests.swift */; };
		846E10FD253171DC00576038 /* tataaigtestUITests.swift in Sources */ = {isa = PBXBuildFile; fileRef = 846E10FC253171DC00576038 /* tataaigtestUITests.swift */; };
		846E11112531759200576038 /* HomeScreenVC.swift in Sources */ = {isa = PBXBuildFile; fileRef = 846E11102531759200576038 /* HomeScreenVC.swift */; };
		846E11132531806100576038 /* MyCollectionViewCell.swift in Sources */ = {isa = PBXBuildFile; fileRef = 846E11122531806100576038 /* MyCollectionViewCell.swift */; };
		846E1115253180B500576038 /* HomePageVewModel.swift in Sources */ = {isa = PBXBuildFile; fileRef = 846E1114253180B500576038 /* HomePageVewModel.swift */; };
		846E111B25319D4200576038 /* MoviePosterResponse.swift in Sources */ = {isa = PBXBuildFile; fileRef = 846E111725319D4200576038 /* MoviePosterResponse.swift */; };
		846E111C25319D4200576038 /* MoviePosterData.swift in Sources */ = {isa = PBXBuildFile; fileRef = 846E111825319D4200576038 /* MoviePosterData.swift */; };
		846E111D25319D4200576038 /* MovieResponse.swift in Sources */ = {isa = PBXBuildFile; fileRef = 846E111925319D4200576038 /* MovieResponse.swift */; };
		846E111E25319D4200576038 /* MoviesData.swift in Sources */ = {isa = PBXBuildFile; fileRef = 846E111A25319D4200576038 /* MoviesData.swift */; };
		846E112425319D5C00576038 /* UIColor.swift in Sources */ = {isa = PBXBuildFile; fileRef = 846E112025319D5C00576038 /* UIColor.swift */; };
		846E112525319D5C00576038 /* AppHelper.swift in Sources */ = {isa = PBXBuildFile; fileRef = 846E112125319D5C00576038 /* AppHelper.swift */; };
		846E112625319D5C00576038 /* AppFormatter.swift in Sources */ = {isa = PBXBuildFile; fileRef = 846E112225319D5C00576038 /* AppFormatter.swift */; };
		846E112725319D5C00576038 /* Indicator.swift in Sources */ = {isa = PBXBuildFile; fileRef = 846E112325319D5C00576038 /* Indicator.swift */; };
		846E112925319D6E00576038 /* Movie.swift in Sources */ = {isa = PBXBuildFile; fileRef = 846E112825319D6E00576038 /* Movie.swift */; };
		846E112C25319D8100576038 /* MoviePosterService.swift in Sources */ = {isa = PBXBuildFile; fileRef = 846E112A25319D8000576038 /* MoviePosterService.swift */; };
		846E112D25319D8100576038 /* MovieService.swift in Sources */ = {isa = PBXBuildFile; fileRef = 846E112B25319D8100576038 /* MovieService.swift */; };
		846E113425319DA500576038 /* DetailsViewViewModel.swift in Sources */ = {isa = PBXBuildFile; fileRef = 846E112F25319DA500576038 /* DetailsViewViewModel.swift */; };
		846E113525319DA500576038 /* MovieCollectionViewCell.swift in Sources */ = {isa = PBXBuildFile; fileRef = 846E113025319DA500576038 /* MovieCollectionViewCell.swift */; };
		846E113625319DA500576038 /* StarRatingCell.swift in Sources */ = {isa = PBXBuildFile; fileRef = 846E113125319DA500576038 /* StarRatingCell.swift */; };
		846E113725319DA500576038 /* DetailsViewController.swift in Sources */ = {isa = PBXBuildFile; fileRef = 846E113225319DA500576038 /* DetailsViewController.swift */; };
		846E113825319DA500576038 /* DetailsCustomTableViewCell.swift in Sources */ = {isa = PBXBuildFile; fileRef = 846E113325319DA500576038 /* DetailsCustomTableViewCell.swift */; };
		B0561E0325DC51048DC890D6 /* Pods_tataaigtest.framework in Frameworks */ = {isa = PBXBuildFile; fileRef = 55AFDB9A87052FBED09B7887 /* Pods_tataaigtest.framework */; };
/* End PBXBuildFile section */

/* Begin PBXContainerItemProxy section */
		846E10EE253171DC00576038 /* PBXContainerItemProxy */ = {
			isa = PBXContainerItemProxy;
			containerPortal = 846E10CF253171D600576038 /* Project object */;
			proxyType = 1;
			remoteGlobalIDString = 846E10D6253171D700576038;
			remoteInfo = tataaigtest;
		};
		846E10F9253171DC00576038 /* PBXContainerItemProxy */ = {
			isa = PBXContainerItemProxy;
			containerPortal = 846E10CF253171D600576038 /* Project object */;
			proxyType = 1;
			remoteGlobalIDString = 846E10D6253171D700576038;
			remoteInfo = tataaigtest;
		};
/* End PBXContainerItemProxy section */

/* Begin PBXFileReference section */
		359F223411BE13F07D09E6CD /* Pods-tataaigtest.debug.xcconfig */ = {isa = PBXFileReference; includeInIndex = 1; lastKnownFileType = text.xcconfig; name = "Pods-tataaigtest.debug.xcconfig"; path = "Target Support Files/Pods-tataaigtest/Pods-tataaigtest.debug.xcconfig"; sourceTree = "<group>"; };
		55AFDB9A87052FBED09B7887 /* Pods_tataaigtest.framework */ = {isa = PBXFileReference; explicitFileType = wrapper.framework; includeInIndex = 0; path = Pods_tataaigtest.framework; sourceTree = BUILT_PRODUCTS_DIR; };
		8426CD5E2531C9AC00F808D9 /* MenuVM.swift */ = {isa = PBXFileReference; fileEncoding = 4; lastKnownFileType = sourcecode.swift; path = MenuVM.swift; sourceTree = "<group>"; };
		8426CD5F2531C9AC00F808D9 /* CustomMenuCell.swift */ = {isa = PBXFileReference; fileEncoding = 4; lastKnownFileType = sourcecode.swift; path = CustomMenuCell.swift; sourceTree = "<group>"; };
		8426CD602531C9AC00F808D9 /* MenuViewController.swift */ = {isa = PBXFileReference; fileEncoding = 4; lastKnownFileType = sourcecode.swift; path = MenuViewController.swift; sourceTree = "<group>"; };
		846E10D7253171D700576038 /* tataaigtest.app */ = {isa = PBXFileReference; explicitFileType = wrapper.application; includeInIndex = 0; path = tataaigtest.app; sourceTree = BUILT_PRODUCTS_DIR; };
		846E10DA253171D700576038 /* AppDelegate.swift */ = {isa = PBXFileReference; lastKnownFileType = sourcecode.swift; path = AppDelegate.swift; sourceTree = "<group>"; };
		846E10DC253171D700576038 /* SceneDelegate.swift */ = {isa = PBXFileReference; lastKnownFileType = sourcecode.swift; path = SceneDelegate.swift; sourceTree = "<group>"; };
		846E10DE253171D700576038 /* ViewController.swift */ = {isa = PBXFileReference; lastKnownFileType = sourcecode.swift; path = ViewController.swift; sourceTree = "<group>"; };
		846E10E1253171D700576038 /* Base */ = {isa = PBXFileReference; lastKnownFileType = file.storyboard; name = Base; path = Base.lproj/Main.storyboard; sourceTree = "<group>"; };
		846E10E3253171DC00576038 /* Assets.xcassets */ = {isa = PBXFileReference; lastKnownFileType = folder.assetcatalog; path = Assets.xcassets; sourceTree = "<group>"; };
		846E10E6253171DC00576038 /* Base */ = {isa = PBXFileReference; lastKnownFileType = file.storyboard; name = Base; path = Base.lproj/LaunchScreen.storyboard; sourceTree = "<group>"; };
		846E10E8253171DC00576038 /* Info.plist */ = {isa = PBXFileReference; lastKnownFileType = text.plist.xml; path = Info.plist; sourceTree = "<group>"; };
		846E10ED253171DC00576038 /* tataaigtestTests.xctest */ = {isa = PBXFileReference; explicitFileType = wrapper.cfbundle; includeInIndex = 0; path = tataaigtestTests.xctest; sourceTree = BUILT_PRODUCTS_DIR; };
		846E10F1253171DC00576038 /* tataaigtestTests.swift */ = {isa = PBXFileReference; lastKnownFileType = sourcecode.swift; path = tataaigtestTests.swift; sourceTree = "<group>"; };
		846E10F3253171DC00576038 /* Info.plist */ = {isa = PBXFileReference; lastKnownFileType = text.plist.xml; path = Info.plist; sourceTree = "<group>"; };
		846E10F8253171DC00576038 /* tataaigtestUITests.xctest */ = {isa = PBXFileReference; explicitFileType = wrapper.cfbundle; includeInIndex = 0; path = tataaigtestUITests.xctest; sourceTree = BUILT_PRODUCTS_DIR; };
		846E10FC253171DC00576038 /* tataaigtestUITests.swift */ = {isa = PBXFileReference; lastKnownFileType = sourcecode.swift; path = tataaigtestUITests.swift; sourceTree = "<group>"; };
		846E10FE253171DC00576038 /* Info.plist */ = {isa = PBXFileReference; lastKnownFileType = text.plist.xml; path = Info.plist; sourceTree = "<group>"; };
		846E11102531759200576038 /* HomeScreenVC.swift */ = {isa = PBXFileReference; lastKnownFileType = sourcecode.swift; path = HomeScreenVC.swift; sourceTree = "<group>"; };
		846E11122531806100576038 /* MyCollectionViewCell.swift */ = {isa = PBXFileReference; lastKnownFileType = sourcecode.swift; path = MyCollectionViewCell.swift; sourceTree = "<group>"; };
		846E1114253180B500576038 /* HomePageVewModel.swift */ = {isa = PBXFileReference; lastKnownFileType = sourcecode.swift; path = HomePageVewModel.swift; sourceTree = "<group>"; };
		846E111725319D4200576038 /* MoviePosterResponse.swift */ = {isa = PBXFileReference; fileEncoding = 4; lastKnownFileType = sourcecode.swift; path = MoviePosterResponse.swift; sourceTree = "<group>"; };
		846E111825319D4200576038 /* MoviePosterData.swift */ = {isa = PBXFileReference; fileEncoding = 4; lastKnownFileType = sourcecode.swift; path = MoviePosterData.swift; sourceTree = "<group>"; };
		846E111925319D4200576038 /* MovieResponse.swift */ = {isa = PBXFileReference; fileEncoding = 4; lastKnownFileType = sourcecode.swift; path = MovieResponse.swift; sourceTree = "<group>"; };
		846E111A25319D4200576038 /* MoviesData.swift */ = {isa = PBXFileReference; fileEncoding = 4; lastKnownFileType = sourcecode.swift; path = MoviesData.swift; sourceTree = "<group>"; };
		846E112025319D5C00576038 /* UIColor.swift */ = {isa = PBXFileReference; fileEncoding = 4; lastKnownFileType = sourcecode.swift; path = UIColor.swift; sourceTree = "<group>"; };
		846E112125319D5C00576038 /* AppHelper.swift */ = {isa = PBXFileReference; fileEncoding = 4; lastKnownFileType = sourcecode.swift; path = AppHelper.swift; sourceTree = "<group>"; };
		846E112225319D5C00576038 /* AppFormatter.swift */ = {isa = PBXFileReference; fileEncoding = 4; lastKnownFileType = sourcecode.swift; path = AppFormatter.swift; sourceTree = "<group>"; };
		846E112325319D5C00576038 /* Indicator.swift */ = {isa = PBXFileReference; fileEncoding = 4; lastKnownFileType = sourcecode.swift; path = Indicator.swift; sourceTree = "<group>"; };
		846E112825319D6E00576038 /* Movie.swift */ = {isa = PBXFileReference; fileEncoding = 4; lastKnownFileType = sourcecode.swift; path = Movie.swift; sourceTree = "<group>"; };
		846E112A25319D8000576038 /* MoviePosterService.swift */ = {isa = PBXFileReference; fileEncoding = 4; lastKnownFileType = sourcecode.swift; path = MoviePosterService.swift; sourceTree = "<group>"; };
		846E112B25319D8100576038 /* MovieService.swift */ = {isa = PBXFileReference; fileEncoding = 4; lastKnownFileType = sourcecode.swift; path = MovieService.swift; sourceTree = "<group>"; };
		846E112F25319DA500576038 /* DetailsViewViewModel.swift */ = {isa = PBXFileReference; fileEncoding = 4; lastKnownFileType = sourcecode.swift; path = DetailsViewViewModel.swift; sourceTree = "<group>"; };
		846E113025319DA500576038 /* MovieCollectionViewCell.swift */ = {isa = PBXFileReference; fileEncoding = 4; lastKnownFileType = sourcecode.swift; path = MovieCollectionViewCell.swift; sourceTree = "<group>"; };
		846E113125319DA500576038 /* StarRatingCell.swift */ = {isa = PBXFileReference; fileEncoding = 4; lastKnownFileType = sourcecode.swift; path = StarRatingCell.swift; sourceTree = "<group>"; };
		846E113225319DA500576038 /* DetailsViewController.swift */ = {isa = PBXFileReference; fileEncoding = 4; lastKnownFileType = sourcecode.swift; path = DetailsViewController.swift; sourceTree = "<group>"; };
		846E113325319DA500576038 /* DetailsCustomTableViewCell.swift */ = {isa = PBXFileReference; fileEncoding = 4; lastKnownFileType = sourcecode.swift; path = DetailsCustomTableViewCell.swift; sourceTree = "<group>"; };
		8A13152487BCCC5032EA7840 /* Pods-tataaigtest.release.xcconfig */ = {isa = PBXFileReference; includeInIndex = 1; lastKnownFileType = text.xcconfig; name = "Pods-tataaigtest.release.xcconfig"; path = "Target Support Files/Pods-tataaigtest/Pods-tataaigtest.release.xcconfig"; sourceTree = "<group>"; };
/* End PBXFileReference section */

/* Begin PBXFrameworksBuildPhase section */
		846E10D4253171D700576038 /* Frameworks */ = {
			isa = PBXFrameworksBuildPhase;
			buildActionMask = 2147483647;
			files = (
				B0561E0325DC51048DC890D6 /* Pods_tataaigtest.framework in Frameworks */,
			);
			runOnlyForDeploymentPostprocessing = 0;
		};
		846E10EA253171DC00576038 /* Frameworks */ = {
			isa = PBXFrameworksBuildPhase;
			buildActionMask = 2147483647;
			files = (
			);
			runOnlyForDeploymentPostprocessing = 0;
		};
		846E10F5253171DC00576038 /* Frameworks */ = {
			isa = PBXFrameworksBuildPhase;
			buildActionMask = 2147483647;
			files = (
			);
			runOnlyForDeploymentPostprocessing = 0;
		};
/* End PBXFrameworksBuildPhase section */

/* Begin PBXGroup section */
		645F60100AB1564843B166B6 /* Frameworks */ = {
			isa = PBXGroup;
			children = (
				55AFDB9A87052FBED09B7887 /* Pods_tataaigtest.framework */,
			);
			name = Frameworks;
			sourceTree = "<group>";
		};
		8426CD5D2531C9AC00F808D9 /* SideDrawer */ = {
			isa = PBXGroup;
			children = (
				8426CD5E2531C9AC00F808D9 /* MenuVM.swift */,
				8426CD5F2531C9AC00F808D9 /* CustomMenuCell.swift */,
				8426CD602531C9AC00F808D9 /* MenuViewController.swift */,
			);
			path = SideDrawer;
			sourceTree = "<group>";
		};
		846E10CE253171D600576038 = {
			isa = PBXGroup;
			children = (
				846E10D9253171D700576038 /* tataaigtest */,
				846E10F0253171DC00576038 /* tataaigtestTests */,
				846E10FB253171DC00576038 /* tataaigtestUITests */,
				846E10D8253171D700576038 /* Products */,
				EC12CA5638952CCA4B935738 /* Pods */,
				645F60100AB1564843B166B6 /* Frameworks */,
			);
			sourceTree = "<group>";
		};
		846E10D8253171D700576038 /* Products */ = {
			isa = PBXGroup;
			children = (
				846E10D7253171D700576038 /* tataaigtest.app */,
				846E10ED253171DC00576038 /* tataaigtestTests.xctest */,
				846E10F8253171DC00576038 /* tataaigtestUITests.xctest */,
			);
			name = Products;
			sourceTree = "<group>";
		};
		846E10D9253171D700576038 /* tataaigtest */ = {
			isa = PBXGroup;
			children = (
				8426CD5D2531C9AC00F808D9 /* SideDrawer */,
				846E111F25319D5C00576038 /* Helpers */,
				846E110C253174DD00576038 /* ViewControllers */,
				846E110B253174D400576038 /* Services */,
				846E110A2531748400576038 /* Model */,
				846E10DA253171D700576038 /* AppDelegate.swift */,
				846E10DC253171D700576038 /* SceneDelegate.swift */,
				846E10E0253171D700576038 /* Main.storyboard */,
				846E10E3253171DC00576038 /* Assets.xcassets */,
				846E10E5253171DC00576038 /* LaunchScreen.storyboard */,
				846E10E8253171DC00576038 /* Info.plist */,
			);
			path = tataaigtest;
			sourceTree = "<group>";
		};
		846E10F0253171DC00576038 /* tataaigtestTests */ = {
			isa = PBXGroup;
			children = (
				846E10F1253171DC00576038 /* tataaigtestTests.swift */,
				846E10F3253171DC00576038 /* Info.plist */,
			);
			path = tataaigtestTests;
			sourceTree = "<group>";
		};
		846E10FB253171DC00576038 /* tataaigtestUITests */ = {
			isa = PBXGroup;
			children = (
				846E10FC253171DC00576038 /* tataaigtestUITests.swift */,
				846E10FE253171DC00576038 /* Info.plist */,
			);
			path = tataaigtestUITests;
			sourceTree = "<group>";
		};
		846E110A2531748400576038 /* Model */ = {
			isa = PBXGroup;
			children = (
				846E111625319D4200576038 /* MovieData */,
			);
			path = Model;
			sourceTree = "<group>";
		};
		846E110B253174D400576038 /* Services */ = {
			isa = PBXGroup;
			children = (
				846E112A25319D8000576038 /* MoviePosterService.swift */,
				846E112B25319D8100576038 /* MovieService.swift */,
			);
			path = Services;
			sourceTree = "<group>";
		};
		846E110C253174DD00576038 /* ViewControllers */ = {
			isa = PBXGroup;
			children = (
				846E112E25319DA500576038 /* DetailsView */,
				846E110E253174FB00576038 /* HomeVC */,
				846E110D253174E900576038 /* LoginVC */,
			);
			path = ViewControllers;
			sourceTree = "<group>";
		};
		846E110D253174E900576038 /* LoginVC */ = {
			isa = PBXGroup;
			children = (
				846E10DE253171D700576038 /* ViewController.swift */,
			);
			path = LoginVC;
			sourceTree = "<group>";
		};
		846E110E253174FB00576038 /* HomeVC */ = {
			isa = PBXGroup;
			children = (
				846E11102531759200576038 /* HomeScreenVC.swift */,
				846E11122531806100576038 /* MyCollectionViewCell.swift */,
				846E1114253180B500576038 /* HomePageVewModel.swift */,
			);
			path = HomeVC;
			sourceTree = "<group>";
		};
		846E111625319D4200576038 /* MovieData */ = {
			isa = PBXGroup;
			children = (
				846E111725319D4200576038 /* MoviePosterResponse.swift */,
				846E111825319D4200576038 /* MoviePosterData.swift */,
				846E111925319D4200576038 /* MovieResponse.swift */,
				846E111A25319D4200576038 /* MoviesData.swift */,
				846E112825319D6E00576038 /* Movie.swift */,
			);
			path = MovieData;
			sourceTree = "<group>";
		};
		846E111F25319D5C00576038 /* Helpers */ = {
			isa = PBXGroup;
			children = (
				846E112025319D5C00576038 /* UIColor.swift */,
				846E112125319D5C00576038 /* AppHelper.swift */,
				846E112225319D5C00576038 /* AppFormatter.swift */,
				846E112325319D5C00576038 /* Indicator.swift */,
			);
			path = Helpers;
			sourceTree = "<group>";
		};
		846E112E25319DA500576038 /* DetailsView */ = {
			isa = PBXGroup;
			children = (
				846E112F25319DA500576038 /* DetailsViewViewModel.swift */,
				846E113025319DA500576038 /* MovieCollectionViewCell.swift */,
				846E113125319DA500576038 /* StarRatingCell.swift */,
				846E113225319DA500576038 /* DetailsViewController.swift */,
				846E113325319DA500576038 /* DetailsCustomTableViewCell.swift */,
			);
			path = DetailsView;
			sourceTree = "<group>";
		};
		EC12CA5638952CCA4B935738 /* Pods */ = {
			isa = PBXGroup;
			children = (
				359F223411BE13F07D09E6CD /* Pods-tataaigtest.debug.xcconfig */,
				8A13152487BCCC5032EA7840 /* Pods-tataaigtest.release.xcconfig */,
			);
			path = Pods;
			sourceTree = "<group>";
		};
/* End PBXGroup section */

/* Begin PBXNativeTarget section */
		846E10D6253171D700576038 /* tataaigtest */ = {
			isa = PBXNativeTarget;
			buildConfigurationList = 846E1101253171DC00576038 /* Build configuration list for PBXNativeTarget "tataaigtest" */;
			buildPhases = (
				468C71E3567C3E37258A7844 /* [CP] Check Pods Manifest.lock */,
				846E10D3253171D700576038 /* Sources */,
				846E10D4253171D700576038 /* Frameworks */,
				846E10D5253171D700576038 /* Resources */,
				158B53AB3090C2F70E1B613B /* [CP] Embed Pods Frameworks */,
			);
			buildRules = (
			);
			dependencies = (
			);
			name = tataaigtest;
			productName = tataaigtest;
			productReference = 846E10D7253171D700576038 /* tataaigtest.app */;
			productType = "com.apple.product-type.application";
		};
		846E10EC253171DC00576038 /* tataaigtestTests */ = {
			isa = PBXNativeTarget;
			buildConfigurationList = 846E1104253171DC00576038 /* Build configuration list for PBXNativeTarget "tataaigtestTests" */;
			buildPhases = (
				846E10E9253171DC00576038 /* Sources */,
				846E10EA253171DC00576038 /* Frameworks */,
				846E10EB253171DC00576038 /* Resources */,
			);
			buildRules = (
			);
			dependencies = (
				846E10EF253171DC00576038 /* PBXTargetDependency */,
			);
			name = tataaigtestTests;
			productName = tataaigtestTests;
			productReference = 846E10ED253171DC00576038 /* tataaigtestTests.xctest */;
			productType = "com.apple.product-type.bundle.unit-test";
		};
		846E10F7253171DC00576038 /* tataaigtestUITests */ = {
			isa = PBXNativeTarget;
			buildConfigurationList = 846E1107253171DC00576038 /* Build configuration list for PBXNativeTarget "tataaigtestUITests" */;
			buildPhases = (
				846E10F4253171DC00576038 /* Sources */,
				846E10F5253171DC00576038 /* Frameworks */,
				846E10F6253171DC00576038 /* Resources */,
			);
			buildRules = (
			);
			dependencies = (
				846E10FA253171DC00576038 /* PBXTargetDependency */,
			);
			name = tataaigtestUITests;
			productName = tataaigtestUITests;
			productReference = 846E10F8253171DC00576038 /* tataaigtestUITests.xctest */;
			productType = "com.apple.product-type.bundle.ui-testing";
		};
/* End PBXNativeTarget section */

/* Begin PBXProject section */
		846E10CF253171D600576038 /* Project object */ = {
			isa = PBXProject;
			attributes = {
				LastSwiftUpdateCheck = 1130;
				LastUpgradeCheck = 1130;
				ORGANIZATIONNAME = Admin;
				TargetAttributes = {
					846E10D6253171D700576038 = {
						CreatedOnToolsVersion = 11.3.1;
					};
					846E10EC253171DC00576038 = {
						CreatedOnToolsVersion = 11.3.1;
						TestTargetID = 846E10D6253171D700576038;
					};
					846E10F7253171DC00576038 = {
						CreatedOnToolsVersion = 11.3.1;
						TestTargetID = 846E10D6253171D700576038;
					};
				};
			};
			buildConfigurationList = 846E10D2253171D600576038 /* Build configuration list for PBXProject "tataaigtest" */;
			compatibilityVersion = "Xcode 9.3";
			developmentRegion = en;
			hasScannedForEncodings = 0;
			knownRegions = (
				en,
				Base,
			);
			mainGroup = 846E10CE253171D600576038;
			productRefGroup = 846E10D8253171D700576038 /* Products */;
			projectDirPath = "";
			projectRoot = "";
			targets = (
				846E10D6253171D700576038 /* tataaigtest */,
				846E10EC253171DC00576038 /* tataaigtestTests */,
				846E10F7253171DC00576038 /* tataaigtestUITests */,
			);
		};
/* End PBXProject section */

/* Begin PBXResourcesBuildPhase section */
		846E10D5253171D700576038 /* Resources */ = {
			isa = PBXResourcesBuildPhase;
			buildActionMask = 2147483647;
			files = (
				846E10E7253171DC00576038 /* LaunchScreen.storyboard in Resources */,
				846E10E4253171DC00576038 /* Assets.xcassets in Resources */,
				846E10E2253171D700576038 /* Main.storyboard in Resources */,
			);
			runOnlyForDeploymentPostprocessing = 0;
		};
		846E10EB253171DC00576038 /* Resources */ = {
			isa = PBXResourcesBuildPhase;
			buildActionMask = 2147483647;
			files = (
			);
			runOnlyForDeploymentPostprocessing = 0;
		};
		846E10F6253171DC00576038 /* Resources */ = {
			isa = PBXResourcesBuildPhase;
			buildActionMask = 2147483647;
			files = (
			);
			runOnlyForDeploymentPostprocessing = 0;
		};
/* End PBXResourcesBuildPhase section */

/* Begin PBXShellScriptBuildPhase section */
		158B53AB3090C2F70E1B613B /* [CP] Embed Pods Frameworks */ = {
			isa = PBXShellScriptBuildPhase;
			buildActionMask = 2147483647;
			files = (
			);
			inputFileListPaths = (
				"${PODS_ROOT}/Target Support Files/Pods-tataaigtest/Pods-tataaigtest-frameworks-${CONFIGURATION}-input-files.xcfilelist",
			);
			name = "[CP] Embed Pods Frameworks";
			outputFileListPaths = (
				"${PODS_ROOT}/Target Support Files/Pods-tataaigtest/Pods-tataaigtest-frameworks-${CONFIGURATION}-output-files.xcfilelist",
			);
			runOnlyForDeploymentPostprocessing = 0;
			shellPath = /bin/sh;
			shellScript = "\"${PODS_ROOT}/Target Support Files/Pods-tataaigtest/Pods-tataaigtest-frameworks.sh\"\n";
			showEnvVarsInLog = 0;
		};
		468C71E3567C3E37258A7844 /* [CP] Check Pods Manifest.lock */ = {
			isa = PBXShellScriptBuildPhase;
			buildActionMask = 2147483647;
			files = (
			);
			inputFileListPaths = (
			);
			inputPaths = (
				"${PODS_PODFILE_DIR_PATH}/Podfile.lock",
				"${PODS_ROOT}/Manifest.lock",
			);
			name = "[CP] Check Pods Manifest.lock";
			outputFileListPaths = (
			);
			outputPaths = (
				"$(DERIVED_FILE_DIR)/Pods-tataaigtest-checkManifestLockResult.txt",
			);
			runOnlyForDeploymentPostprocessing = 0;
			shellPath = /bin/sh;
			shellScript = "diff \"${PODS_PODFILE_DIR_PATH}/Podfile.lock\" \"${PODS_ROOT}/Manifest.lock\" > /dev/null\nif [ $? != 0 ] ; then\n    # print error to STDERR\n    echo \"error: The sandbox is not in sync with the Podfile.lock. Run 'pod install' or update your CocoaPods installation.\" >&2\n    exit 1\nfi\n# This output is used by Xcode 'outputs' to avoid re-running this script phase.\necho \"SUCCESS\" > \"${SCRIPT_OUTPUT_FILE_0}\"\n";
			showEnvVarsInLog = 0;
		};
/* End PBXShellScriptBuildPhase section */

/* Begin PBXSourcesBuildPhase section */
		846E10D3253171D700576038 /* Sources */ = {
			isa = PBXSourcesBuildPhase;
			buildActionMask = 2147483647;
			files = (
				846E10DF253171D700576038 /* ViewController.swift in Sources */,
				846E112C25319D8100576038 /* MoviePosterService.swift in Sources */,
				846E112725319D5C00576038 /* Indicator.swift in Sources */,
				846E11132531806100576038 /* MyCollectionViewCell.swift in Sources */,
				846E1115253180B500576038 /* HomePageVewModel.swift in Sources */,
				846E10DB253171D700576038 /* AppDelegate.swift in Sources */,
				846E10DD253171D700576038 /* SceneDelegate.swift in Sources */,
				846E111B25319D4200576038 /* MoviePosterResponse.swift in Sources */,
				846E111D25319D4200576038 /* MovieResponse.swift in Sources */,
				846E112525319D5C00576038 /* AppHelper.swift in Sources */,
				846E113625319DA500576038 /* StarRatingCell.swift in Sources */,
				846E113725319DA500576038 /* DetailsViewController.swift in Sources */,
				846E112425319D5C00576038 /* UIColor.swift in Sources */,
				846E11112531759200576038 /* HomeScreenVC.swift in Sources */,
				846E113525319DA500576038 /* MovieCollectionViewCell.swift in Sources */,
				8426CD622531C9AC00F808D9 /* CustomMenuCell.swift in Sources */,
				8426CD632531C9AC00F808D9 /* MenuViewController.swift in Sources */,
				846E113425319DA500576038 /* DetailsViewViewModel.swift in Sources */,
				846E113825319DA500576038 /* DetailsCustomTableViewCell.swift in Sources */,
				846E112D25319D8100576038 /* MovieService.swift in Sources */,
				8426CD612531C9AC00F808D9 /* MenuVM.swift in Sources */,
				846E111E25319D4200576038 /* MoviesData.swift in Sources */,
				846E112625319D5C00576038 /* AppFormatter.swift in Sources */,
				846E111C25319D4200576038 /* MoviePosterData.swift in Sources */,
				846E112925319D6E00576038 /* Movie.swift in Sources */,
			);
			runOnlyForDeploymentPostprocessing = 0;
		};
		846E10E9253171DC00576038 /* Sources */ = {
			isa = PBXSourcesBuildPhase;
			buildActionMask = 2147483647;
			files = (
				846E10F2253171DC00576038 /* tataaigtestTests.swift in Sources */,
			);
			runOnlyForDeploymentPostprocessing = 0;
		};
		846E10F4253171DC00576038 /* Sources */ = {
			isa = PBXSourcesBuildPhase;
			buildActionMask = 2147483647;
			files = (
				846E10FD253171DC00576038 /* tataaigtestUITests.swift in Sources */,
			);
			runOnlyForDeploymentPostprocessing = 0;
		};
/* End PBXSourcesBuildPhase section */

/* Begin PBXTargetDependency section */
		846E10EF253171DC00576038 /* PBXTargetDependency */ = {
			isa = PBXTargetDependency;
			target = 846E10D6253171D700576038 /* tataaigtest */;
			targetProxy = 846E10EE253171DC00576038 /* PBXContainerItemProxy */;
		};
		846E10FA253171DC00576038 /* PBXTargetDependency */ = {
			isa = PBXTargetDependency;
			target = 846E10D6253171D700576038 /* tataaigtest */;
			targetProxy = 846E10F9253171DC00576038 /* PBXContainerItemProxy */;
		};
/* End PBXTargetDependency section */

/* Begin PBXVariantGroup section */
		846E10E0253171D700576038 /* Main.storyboard */ = {
			isa = PBXVariantGroup;
			children = (
				846E10E1253171D700576038 /* Base */,
			);
			name = Main.storyboard;
			sourceTree = "<group>";
		};
		846E10E5253171DC00576038 /* LaunchScreen.storyboard */ = {
			isa = PBXVariantGroup;
			children = (
				846E10E6253171DC00576038 /* Base */,
			);
			name = LaunchScreen.storyboard;
			sourceTree = "<group>";
		};
/* End PBXVariantGroup section */

/* Begin XCBuildConfiguration section */
		846E10FF253171DC00576038 /* Debug */ = {
			isa = XCBuildConfiguration;
			buildSettings = {
				ALWAYS_SEARCH_USER_PATHS = NO;
				CLANG_ANALYZER_NONNULL = YES;
				CLANG_ANALYZER_NUMBER_OBJECT_CONVERSION = YES_AGGRESSIVE;
				CLANG_CXX_LANGUAGE_STANDARD = "gnu++14";
				CLANG_CXX_LIBRARY = "libc++";
				CLANG_ENABLE_MODULES = YES;
				CLANG_ENABLE_OBJC_ARC = YES;
				CLANG_ENABLE_OBJC_WEAK = YES;
				CLANG_WARN_BLOCK_CAPTURE_AUTORELEASING = YES;
				CLANG_WARN_BOOL_CONVERSION = YES;
				CLANG_WARN_COMMA = YES;
				CLANG_WARN_CONSTANT_CONVERSION = YES;
				CLANG_WARN_DEPRECATED_OBJC_IMPLEMENTATIONS = YES;
				CLANG_WARN_DIRECT_OBJC_ISA_USAGE = YES_ERROR;
				CLANG_WARN_DOCUMENTATION_COMMENTS = YES;
				CLANG_WARN_EMPTY_BODY = YES;
				CLANG_WARN_ENUM_CONVERSION = YES;
				CLANG_WARN_INFINITE_RECURSION = YES;
				CLANG_WARN_INT_CONVERSION = YES;
				CLANG_WARN_NON_LITERAL_NULL_CONVERSION = YES;
				CLANG_WARN_OBJC_IMPLICIT_RETAIN_SELF = YES;
				CLANG_WARN_OBJC_LITERAL_CONVERSION = YES;
				CLANG_WARN_OBJC_ROOT_CLASS = YES_ERROR;
				CLANG_WARN_RANGE_LOOP_ANALYSIS = YES;
				CLANG_WARN_STRICT_PROTOTYPES = YES;
				CLANG_WARN_SUSPICIOUS_MOVE = YES;
				CLANG_WARN_UNGUARDED_AVAILABILITY = YES_AGGRESSIVE;
				CLANG_WARN_UNREACHABLE_CODE = YES;
				CLANG_WARN__DUPLICATE_METHOD_MATCH = YES;
				COPY_PHASE_STRIP = NO;
				DEBUG_INFORMATION_FORMAT = dwarf;
				ENABLE_BITCODE = NO;
				ENABLE_STRICT_OBJC_MSGSEND = YES;
				ENABLE_TESTABILITY = YES;
				GCC_C_LANGUAGE_STANDARD = gnu11;
				GCC_DYNAMIC_NO_PIC = NO;
				GCC_NO_COMMON_BLOCKS = YES;
				GCC_OPTIMIZATION_LEVEL = 0;
				GCC_PREPROCESSOR_DEFINITIONS = (
					"DEBUG=1",
					"$(inherited)",
				);
				GCC_WARN_64_TO_32_BIT_CONVERSION = YES;
				GCC_WARN_ABOUT_RETURN_TYPE = YES_ERROR;
				GCC_WARN_UNDECLARED_SELECTOR = YES;
				GCC_WARN_UNINITIALIZED_AUTOS = YES_AGGRESSIVE;
				GCC_WARN_UNUSED_FUNCTION = YES;
				GCC_WARN_UNUSED_VARIABLE = YES;
				IPHONEOS_DEPLOYMENT_TARGET = 11.0;
				MTL_ENABLE_DEBUG_INFO = INCLUDE_SOURCE;
				MTL_FAST_MATH = YES;
				ONLY_ACTIVE_ARCH = YES;
				SDKROOT = iphoneos;
				SWIFT_ACTIVE_COMPILATION_CONDITIONS = DEBUG;
				SWIFT_OPTIMIZATION_LEVEL = "-Onone";
			};
			name = Debug;
		};
		846E1100253171DC00576038 /* Release */ = {
			isa = XCBuildConfiguration;
			buildSettings = {
				ALWAYS_SEARCH_USER_PATHS = NO;
				CLANG_ANALYZER_NONNULL = YES;
				CLANG_ANALYZER_NUMBER_OBJECT_CONVERSION = YES_AGGRESSIVE;
				CLANG_CXX_LANGUAGE_STANDARD = "gnu++14";
				CLANG_CXX_LIBRARY = "libc++";
				CLANG_ENABLE_MODULES = YES;
				CLANG_ENABLE_OBJC_ARC = YES;
				CLANG_ENABLE_OBJC_WEAK = YES;
				CLANG_WARN_BLOCK_CAPTURE_AUTORELEASING = YES;
				CLANG_WARN_BOOL_CONVERSION = YES;
				CLANG_WARN_COMMA = YES;
				CLANG_WARN_CONSTANT_CONVERSION = YES;
				CLANG_WARN_DEPRECATED_OBJC_IMPLEMENTATIONS = YES;
				CLANG_WARN_DIRECT_OBJC_ISA_USAGE = YES_ERROR;
				CLANG_WARN_DOCUMENTATION_COMMENTS = YES;
				CLANG_WARN_EMPTY_BODY = YES;
				CLANG_WARN_ENUM_CONVERSION = YES;
				CLANG_WARN_INFINITE_RECURSION = YES;
				CLANG_WARN_INT_CONVERSION = YES;
				CLANG_WARN_NON_LITERAL_NULL_CONVERSION = YES;
				CLANG_WARN_OBJC_IMPLICIT_RETAIN_SELF = YES;
				CLANG_WARN_OBJC_LITERAL_CONVERSION = YES;
				CLANG_WARN_OBJC_ROOT_CLASS = YES_ERROR;
				CLANG_WARN_RANGE_LOOP_ANALYSIS = YES;
				CLANG_WARN_STRICT_PROTOTYPES = YES;
				CLANG_WARN_SUSPICIOUS_MOVE = YES;
				CLANG_WARN_UNGUARDED_AVAILABILITY = YES_AGGRESSIVE;
				CLANG_WARN_UNREACHABLE_CODE = YES;
				CLANG_WARN__DUPLICATE_METHOD_MATCH = YES;
				COPY_PHASE_STRIP = NO;
				DEBUG_INFORMATION_FORMAT = "dwarf-with-dsym";
				ENABLE_BITCODE = NO;
				ENABLE_NS_ASSERTIONS = NO;
				ENABLE_STRICT_OBJC_MSGSEND = YES;
				GCC_C_LANGUAGE_STANDARD = gnu11;
				GCC_NO_COMMON_BLOCKS = YES;
				GCC_WARN_64_TO_32_BIT_CONVERSION = YES;
				GCC_WARN_ABOUT_RETURN_TYPE = YES_ERROR;
				GCC_WARN_UNDECLARED_SELECTOR = YES;
				GCC_WARN_UNINITIALIZED_AUTOS = YES_AGGRESSIVE;
				GCC_WARN_UNUSED_FUNCTION = YES;
				GCC_WARN_UNUSED_VARIABLE = YES;
				IPHONEOS_DEPLOYMENT_TARGET = 11.0;
				MTL_ENABLE_DEBUG_INFO = NO;
				MTL_FAST_MATH = YES;
				SDKROOT = iphoneos;
				SWIFT_COMPILATION_MODE = wholemodule;
				SWIFT_OPTIMIZATION_LEVEL = "-O";
				VALIDATE_PRODUCT = YES;
			};
			name = Release;
		};
		846E1102253171DC00576038 /* Debug */ = {
			isa = XCBuildConfiguration;
			baseConfigurationReference = 359F223411BE13F07D09E6CD /* Pods-tataaigtest.debug.xcconfig */;
			buildSettings = {
				ASSETCATALOG_COMPILER_APPICON_NAME = AppIcon;
				CODE_SIGN_STYLE = Automatic;
				DEVELOPMENT_TEAM = MHFRGZ9KYH;
				INFOPLIST_FILE = tataaigtest/Info.plist;
				IPHONEOS_DEPLOYMENT_TARGET = 11.0;
				LD_RUNPATH_SEARCH_PATHS = (
					"$(inherited)",
					"@executable_path/Frameworks",
				);
				PRODUCT_BUNDLE_IDENTIFIER = com.pitasys.tataaigtest;
				PRODUCT_NAME = "$(TARGET_NAME)";
				SWIFT_VERSION = 5.0;
				TARGETED_DEVICE_FAMILY = 1;
			};
			name = Debug;
		};
		846E1103253171DC00576038 /* Release */ = {
			isa = XCBuildConfiguration;
			baseConfigurationReference = 8A13152487BCCC5032EA7840 /* Pods-tataaigtest.release.xcconfig */;
			buildSettings = {
				ASSETCATALOG_COMPILER_APPICON_NAME = AppIcon;
				CODE_SIGN_STYLE = Automatic;
				DEVELOPMENT_TEAM = MHFRGZ9KYH;
				INFOPLIST_FILE = tataaigtest/Info.plist;
				IPHONEOS_DEPLOYMENT_TARGET = 11.0;
				LD_RUNPATH_SEARCH_PATHS = (
					"$(inherited)",
					"@executable_path/Frameworks",
				);
				PRODUCT_BUNDLE_IDENTIFIER = com.pitasys.tataaigtest;
				PRODUCT_NAME = "$(TARGET_NAME)";
				SWIFT_VERSION = 5.0;
				TARGETED_DEVICE_FAMILY = 1;
			};
			name = Release;
		};
		846E1105253171DC00576038 /* Debug */ = {
			isa = XCBuildConfiguration;
			buildSettings = {
				ALWAYS_EMBED_SWIFT_STANDARD_LIBRARIES = YES;
				BUNDLE_LOADER = "$(TEST_HOST)";
				CODE_SIGN_STYLE = Automatic;
				DEVELOPMENT_TEAM = MHFRGZ9KYH;
				INFOPLIST_FILE = tataaigtestTests/Info.plist;
				IPHONEOS_DEPLOYMENT_TARGET = 13.2;
				LD_RUNPATH_SEARCH_PATHS = (
					"$(inherited)",
					"@executable_path/Frameworks",
					"@loader_path/Frameworks",
				);
				PRODUCT_BUNDLE_IDENTIFIER = com.pitasys.tataaigtestTests;
				PRODUCT_NAME = "$(TARGET_NAME)";
				SWIFT_VERSION = 5.0;
				TARGETED_DEVICE_FAMILY = "1,2";
				TEST_HOST = "$(BUILT_PRODUCTS_DIR)/tataaigtest.app/tataaigtest";
			};
			name = Debug;
		};
		846E1106253171DC00576038 /* Release */ = {
			isa = XCBuildConfiguration;
			buildSettings = {
				ALWAYS_EMBED_SWIFT_STANDARD_LIBRARIES = YES;
				BUNDLE_LOADER = "$(TEST_HOST)";
				CODE_SIGN_STYLE = Automatic;
				DEVELOPMENT_TEAM = MHFRGZ9KYH;
				INFOPLIST_FILE = tataaigtestTests/Info.plist;
				IPHONEOS_DEPLOYMENT_TARGET = 13.2;
				LD_RUNPATH_SEARCH_PATHS = (
					"$(inherited)",
					"@executable_path/Frameworks",
					"@loader_path/Frameworks",
				);
				PRODUCT_BUNDLE_IDENTIFIER = com.pitasys.tataaigtestTests;
				PRODUCT_NAME = "$(TARGET_NAME)";
				SWIFT_VERSION = 5.0;
				TARGETED_DEVICE_FAMILY = "1,2";
				TEST_HOST = "$(BUILT_PRODUCTS_DIR)/tataaigtest.app/tataaigtest";
			};
			name = Release;
		};
		846E1108253171DC00576038 /* Debug */ = {
			isa = XCBuildConfiguration;
			buildSettings = {
				ALWAYS_EMBED_SWIFT_STANDARD_LIBRARIES = YES;
				CODE_SIGN_STYLE = Automatic;
				DEVELOPMENT_TEAM = MHFRGZ9KYH;
				INFOPLIST_FILE = tataaigtestUITests/Info.plist;
				LD_RUNPATH_SEARCH_PATHS = (
					"$(inherited)",
					"@executable_path/Frameworks",
					"@loader_path/Frameworks",
				);
				PRODUCT_BUNDLE_IDENTIFIER = com.pitasys.tataaigtestUITests;
				PRODUCT_NAME = "$(TARGET_NAME)";
				SWIFT_VERSION = 5.0;
				TARGETED_DEVICE_FAMILY = "1,2";
				TEST_TARGET_NAME = tataaigtest;
			};
			name = Debug;
		};
		846E1109253171DC00576038 /* Release */ = {
			isa = XCBuildConfiguration;
			buildSettings = {
				ALWAYS_EMBED_SWIFT_STANDARD_LIBRARIES = YES;
				CODE_SIGN_STYLE = Automatic;
				DEVELOPMENT_TEAM = MHFRGZ9KYH;
				INFOPLIST_FILE = tataaigtestUITests/Info.plist;
				LD_RUNPATH_SEARCH_PATHS = (
					"$(inherited)",
					"@executable_path/Frameworks",
					"@loader_path/Frameworks",
				);
				PRODUCT_BUNDLE_IDENTIFIER = com.pitasys.tataaigtestUITests;
				PRODUCT_NAME = "$(TARGET_NAME)";
				SWIFT_VERSION = 5.0;
				TARGETED_DEVICE_FAMILY = "1,2";
				TEST_TARGET_NAME = tataaigtest;
			};
			name = Release;
		};
/* End XCBuildConfiguration section */

/* Begin XCConfigurationList section */
		846E10D2253171D600576038 /* Build configuration list for PBXProject "tataaigtest" */ = {
			isa = XCConfigurationList;
			buildConfigurations = (
				846E10FF253171DC00576038 /* Debug */,
				846E1100253171DC00576038 /* Release */,
			);
			defaultConfigurationIsVisible = 0;
			defaultConfigurationName = Release;
		};
		846E1101253171DC00576038 /* Build configuration list for PBXNativeTarget "tataaigtest" */ = {
			isa = XCConfigurationList;
			buildConfigurations = (
				846E1102253171DC00576038 /* Debug */,
				846E1103253171DC00576038 /* Release */,
			);
			defaultConfigurationIsVisible = 0;
			defaultConfigurationName = Release;
		};
		846E1104253171DC00576038 /* Build configuration list for PBXNativeTarget "tataaigtestTests" */ = {
			isa = XCConfigurationList;
			buildConfigurations = (
				846E1105253171DC00576038 /* Debug */,
				846E1106253171DC00576038 /* Release */,
			);
			defaultConfigurationIsVisible = 0;
			defaultConfigurationName = Release;
		};
		846E1107253171DC00576038 /* Build configuration list for PBXNativeTarget "tataaigtestUITests" */ = {
			isa = XCConfigurationList;
			buildConfigurations = (
				846E1108253171DC00576038 /* Debug */,
				846E1109253171DC00576038 /* Release */,
			);
			defaultConfigurationIsVisible = 0;
			defaultConfigurationName = Release;
		};
/* End XCConfigurationList section */
	};
	rootObject = 846E10CF253171D600576038 /* Project object */;
}
